
Microsoft Visual Studio Solution File, Format Version 12.00
# Visual Studio Version 17
VisualStudioVersion = 17.8.34525.116
MinimumVisualStudioVersion = 10.0.40219.1
Project("{FAE04EC0-301F-11D3-BF4B-00C04F79EFBC}") = "DotnetWorkshop.Core", "DotnetWorkshop.Core\DotnetWorkshop.Core.csproj", "{2732E13D-3A9F-4171-84C9-F4D1B3E915F8}"
EndProject
Project("{FAE04EC0-301F-11D3-BF4B-00C04F79EFBC}") = "DotnetWorkshop.Repository", "DotnetWorkshop.Repository\DotnetWorkshop.Repository.csproj", "{2DA31A2C-C623-40A4-BC73-1E06242486EE}"
EndProject
Project("{FAE04EC0-301F-11D3-BF4B-00C04F79EFBC}") = "DotnetWorkshop.Service", "DotnetWorkshop.Service\DotnetWorkshop.Service.csproj", "{80863F41-981F-4840-88B0-86271EE473F3}"
EndProject
Global
	GlobalSection(SolutionConfigurationPlatforms) = preSolution
		Debug|Any CPU = Debug|Any CPU
		Release|Any CPU = Release|Any CPU
	EndGlobalSection
	GlobalSection(ProjectConfigurationPlatforms) = postSolution
		{2732E13D-3A9F-4171-84C9-F4D1B3E915F8}.Debug|Any CPU.ActiveCfg = Debug|Any CPU
		{2732E13D-3A9F-4171-84C9-F4D1B3E915F8}.Debug|Any CPU.Build.0 = Debug|Any CPU
		{2732E13D-3A9F-4171-84C9-F4D1B3E915F8}.Release|Any CPU.ActiveCfg = Release|Any CPU
		{2732E13D-3A9F-4171-84C9-F4D1B3E915F8}.Release|Any CPU.Build.0 = Release|Any CPU
		{2DA31A2C-C623-40A4-BC73-1E06242486EE}.Debug|Any CPU.ActiveCfg = Debug|Any CPU
		{2DA31A2C-C623-40A4-BC73-1E06242486EE}.Debug|Any CPU.Build.0 = Debug|Any CPU
		{2DA31A2C-C623-40A4-BC73-1E06242486EE}.Release|Any CPU.ActiveCfg = Release|Any CPU
		{2DA31A2C-C623-40A4-BC73-1E06242486EE}.Release|Any CPU.Build.0 = Release|Any CPU
		{80863F41-981F-4840-88B0-86271EE473F3}.Debug|Any CPU.ActiveCfg = Debug|Any CPU
		{80863F41-981F-4840-88B0-86271EE473F3}.Debug|Any CPU.Build.0 = Debug|Any CPU
		{80863F41-981F-4840-88B0-86271EE473F3}.Release|Any CPU.ActiveCfg = Release|Any CPU
		{80863F41-981F-4840-88B0-86271EE473F3}.Release|Any CPU.Build.0 = Release|Any CPU
	EndGlobalSection
	GlobalSection(SolutionProperties) = preSolution
		HideSolutionNode = FALSE
	EndGlobalSection
	GlobalSection(ExtensibilityGlobals) = postSolution
		SolutionGuid = {C471A99A-1102-4828-A17D-3B4FCCAFBF2E}
	EndGlobalSection
EndGlobal
